
Microsoft Visual Studio Solution File, Format Version 12.00
# Visual Studio Version 17
VisualStudioVersion = 17.6.33829.357
MinimumVisualStudioVersion = 10.0.40219.1
Project("{9A19103F-16F7-4668-BE54-9A1E7A4F7556}") = "BillPayer", "BillPayer\BillPayer.csproj", "{F04C9CDD-7455-42D7-9B00-0531A5E4233D}"
EndProject
Project("{9A19103F-16F7-4668-BE54-9A1E7A4F7556}") = "BillPay.Models", "BillPay.Models\BillPay.Models.csproj", "{6A1860C0-6A1F-43CC-AB7F-B6B47E1FC65F}"
EndProject
Project("{9A19103F-16F7-4668-BE54-9A1E7A4F7556}") = "BillPay.DataAccess", "BillPay.DataAccess\BillPay.DataAccess.csproj", "{58E2BA89-6470-4EEB-B7FE-220D80FB8281}"
EndProject
Project("{9A19103F-16F7-4668-BE54-9A1E7A4F7556}") = "BillPay.Utilities", "BillPay.Utilities\BillPay.Utilities.csproj", "{BB09D688-3F5B-46AE-8B8E-1642F52B8CD5}"
EndProject
Global
	GlobalSection(SolutionConfigurationPlatforms) = preSolution
		Debug|Any CPU = Debug|Any CPU
		Release|Any CPU = Release|Any CPU
	EndGlobalSection
	GlobalSection(ProjectConfigurationPlatforms) = postSolution
		{F04C9CDD-7455-42D7-9B00-0531A5E4233D}.Debug|Any CPU.ActiveCfg = Debug|Any CPU
		{F04C9CDD-7455-42D7-9B00-0531A5E4233D}.Debug|Any CPU.Build.0 = Debug|Any CPU
		{F04C9CDD-7455-42D7-9B00-0531A5E4233D}.Release|Any CPU.ActiveCfg = Release|Any CPU
		{F04C9CDD-7455-42D7-9B00-0531A5E4233D}.Release|Any CPU.Build.0 = Release|Any CPU
		{6A1860C0-6A1F-43CC-AB7F-B6B47E1FC65F}.Debug|Any CPU.ActiveCfg = Debug|Any CPU
		{6A1860C0-6A1F-43CC-AB7F-B6B47E1FC65F}.Debug|Any CPU.Build.0 = Debug|Any CPU
		{6A1860C0-6A1F-43CC-AB7F-B6B47E1FC65F}.Release|Any CPU.ActiveCfg = Release|Any CPU
		{6A1860C0-6A1F-43CC-AB7F-B6B47E1FC65F}.Release|Any CPU.Build.0 = Release|Any CPU
		{58E2BA89-6470-4EEB-B7FE-220D80FB8281}.Debug|Any CPU.ActiveCfg = Debug|Any CPU
		{58E2BA89-6470-4EEB-B7FE-220D80FB8281}.Debug|Any CPU.Build.0 = Debug|Any CPU
		{58E2BA89-6470-4EEB-B7FE-220D80FB8281}.Release|Any CPU.ActiveCfg = Release|Any CPU
		{58E2BA89-6470-4EEB-B7FE-220D80FB8281}.Release|Any CPU.Build.0 = Release|Any CPU
		{BB09D688-3F5B-46AE-8B8E-1642F52B8CD5}.Debug|Any CPU.ActiveCfg = Debug|Any CPU
		{BB09D688-3F5B-46AE-8B8E-1642F52B8CD5}.Debug|Any CPU.Build.0 = Debug|Any CPU
		{BB09D688-3F5B-46AE-8B8E-1642F52B8CD5}.Release|Any CPU.ActiveCfg = Release|Any CPU
		{BB09D688-3F5B-46AE-8B8E-1642F52B8CD5}.Release|Any CPU.Build.0 = Release|Any CPU
	EndGlobalSection
	GlobalSection(SolutionProperties) = preSolution
		HideSolutionNode = FALSE
	EndGlobalSection
	GlobalSection(ExtensibilityGlobals) = postSolution
		SolutionGuid = {9443FA61-E51A-4EEC-9C72-40A4E2C5D8C8}
	EndGlobalSection
EndGlobal
